
Microsoft Visual Studio Solution File, Format Version 12.00
# Visual Studio 15
VisualStudioVersion = 15.0.27703.2000
MinimumVisualStudioVersion = 10.0.40219.1
Project("{FAE04EC0-301F-11D3-BF4B-00C04F79EFBC}") = "Projekt1_1App1", "Projekt1_1App1\Projekt1_1App1.csproj", "{62915EC2-E81D-4E1D-B333-E1EE15571601}"
EndProject
Global
	GlobalSection(SolutionConfigurationPlatforms) = preSolution
		Debug|Any CPU = Debug|Any CPU
		Release|Any CPU = Release|Any CPU
	EndGlobalSection
	GlobalSection(ProjectConfigurationPlatforms) = postSolution
		{62915EC2-E81D-4E1D-B333-E1EE15571601}.Debug|Any CPU.ActiveCfg = Debug|Any CPU
		{62915EC2-E81D-4E1D-B333-E1EE15571601}.Debug|Any CPU.Build.0 = Debug|Any CPU
		{62915EC2-E81D-4E1D-B333-E1EE15571601}.Release|Any CPU.ActiveCfg = Release|Any CPU
		{62915EC2-E81D-4E1D-B333-E1EE15571601}.Release|Any CPU.Build.0 = Release|Any CPU
	EndGlobalSection
	GlobalSection(SolutionProperties) = preSolution
		HideSolutionNode = FALSE
	EndGlobalSection
	GlobalSection(ExtensibilityGlobals) = postSolution
		SolutionGuid = {2947F9E6-09DA-4426-8888-AAB5AFF3B35D}
	EndGlobalSection
EndGlobal
